// !$*UTF8*$!
{
	archiveVersion = 1;
	classes = {
	};
	objectVersion = 50;
	objects = {

/* Begin PBXBuildFile section */
		5F4723AD23C1C6E600E92508 /* StartUp.xib in Resources */ = {isa = PBXBuildFile; fileRef = 5F4723AC23C1C6E600E92508 /* StartUp.xib */; };
		5F4723AF23C1C7F400E92508 /* StartUp.swift in Sources */ = {isa = PBXBuildFile; fileRef = 5F4723AE23C1C7F400E92508 /* StartUp.swift */; };
		5F4723B223C1D28F00E92508 /* CsUtil.swift in Sources */ = {isa = PBXBuildFile; fileRef = 5F4723B123C1D28F00E92508 /* CsUtil.swift */; };
		5F4723B423C1D3C000E92508 /* Consts.swift in Sources */ = {isa = PBXBuildFile; fileRef = 5F4723B323C1D3C000E92508 /* Consts.swift */; };
		5F4AB93723C4C47F003B0111 /* CustomDialog.swift in Sources */ = {isa = PBXBuildFile; fileRef = 5F4AB93623C4C47F003B0111 /* CustomDialog.swift */; };
		5F7468F823C1E9720003B0DF /* wifi.png in Resources */ = {isa = PBXBuildFile; fileRef = 5F7468F023C1E9710003B0DF /* wifi.png */; };
		5F7468F923C1E9720003B0DF /* ico_check_on.png in Resources */ = {isa = PBXBuildFile; fileRef = 5F7468F123C1E9720003B0DF /* ico_check_on.png */; };
		5F7468FA23C1E9720003B0DF /* ico_check_off.png in Resources */ = {isa = PBXBuildFile; fileRef = 5F7468F223C1E9720003B0DF /* ico_check_off.png */; };
		5F7468FB23C1E9720003B0DF /* key_bord_off.png in Resources */ = {isa = PBXBuildFile; fileRef = 5F7468F323C1E9720003B0DF /* key_bord_off.png */; };
		5F7468FC23C1E9720003B0DF /* menu.png in Resources */ = {isa = PBXBuildFile; fileRef = 5F7468F423C1E9720003B0DF /* menu.png */; };
		5F7468FD23C1E9720003B0DF /* power.png in Resources */ = {isa = PBXBuildFile; fileRef = 5F7468F523C1E9720003B0DF /* power.png */; };
		5F7468FE23C1E9720003B0DF /* camera.png in Resources */ = {isa = PBXBuildFile; fileRef = 5F7468F623C1E9720003B0DF /* camera.png */; };
		5F7468FF23C1E9720003B0DF /* RFid.png in Resources */ = {isa = PBXBuildFile; fileRef = 5F7468F723C1E9720003B0DF /* RFid.png */; };
		5FBAC13623B9F4540051F175 /* AppDelegate.swift in Sources */ = {isa = PBXBuildFile; fileRef = 5FBAC13523B9F4540051F175 /* AppDelegate.swift */; };
		5FBAC13823B9F4540051F175 /* SceneDelegate.swift in Sources */ = {isa = PBXBuildFile; fileRef = 5FBAC13723B9F4540051F175 /* SceneDelegate.swift */; };
		5FBAC13A23B9F4540051F175 /* ContentView.swift in Sources */ = {isa = PBXBuildFile; fileRef = 5FBAC13923B9F4540051F175 /* ContentView.swift */; };
		5FBAC13C23B9F4550051F175 /* Assets.xcassets in Resources */ = {isa = PBXBuildFile; fileRef = 5FBAC13B23B9F4550051F175 /* Assets.xcassets */; };
		5FBAC13F23B9F4550051F175 /* Preview Assets.xcassets in Resources */ = {isa = PBXBuildFile; fileRef = 5FBAC13E23B9F4550051F175 /* Preview Assets.xcassets */; };
		5FBAC14223B9F4550051F175 /* LaunchScreen.storyboard in Resources */ = {isa = PBXBuildFile; fileRef = 5FBAC14023B9F4550051F175 /* LaunchScreen.storyboard */; };
		5FEF009E23C2207600C4B868 /* CheckBox.swift in Sources */ = {isa = PBXBuildFile; fileRef = 5FEF009D23C2207600C4B868 /* CheckBox.swift */; };
/* End PBXBuildFile section */

/* Begin PBXFileReference section */
		5F4723AC23C1C6E600E92508 /* StartUp.xib */ = {isa = PBXFileReference; lastKnownFileType = file.xib; path = StartUp.xib; sourceTree = "<group>"; };
		5F4723AE23C1C7F400E92508 /* StartUp.swift */ = {isa = PBXFileReference; lastKnownFileType = sourcecode.swift; path = StartUp.swift; sourceTree = "<group>"; };
		5F4723B123C1D28F00E92508 /* CsUtil.swift */ = {isa = PBXFileReference; lastKnownFileType = sourcecode.swift; path = CsUtil.swift; sourceTree = "<group>"; };
		5F4723B323C1D3C000E92508 /* Consts.swift */ = {isa = PBXFileReference; lastKnownFileType = sourcecode.swift; path = Consts.swift; sourceTree = "<group>"; };
		5F4AB93623C4C47F003B0111 /* CustomDialog.swift */ = {isa = PBXFileReference; lastKnownFileType = sourcecode.swift; path = CustomDialog.swift; sourceTree = "<group>"; };
		5F7468EF23C1E94B0003B0DF /* barcord.png */ = {isa = PBXFileReference; lastKnownFileType = image.png; path = barcord.png; sourceTree = "<group>"; };
		5F7468F023C1E9710003B0DF /* wifi.png */ = {isa = PBXFileReference; lastKnownFileType = image.png; name = wifi.png; path = ../wifi.png; sourceTree = "<group>"; };
		5F7468F123C1E9720003B0DF /* ico_check_on.png */ = {isa = PBXFileReference; lastKnownFileType = image.png; name = ico_check_on.png; path = ../ico_check_on.png; sourceTree = "<group>"; };
		5F7468F223C1E9720003B0DF /* ico_check_off.png */ = {isa = PBXFileReference; lastKnownFileType = image.png; name = ico_check_off.png; path = ../ico_check_off.png; sourceTree = "<group>"; };
		5F7468F323C1E9720003B0DF /* key_bord_off.png */ = {isa = PBXFileReference; lastKnownFileType = image.png; name = key_bord_off.png; path = ../key_bord_off.png; sourceTree = "<group>"; };
		5F7468F423C1E9720003B0DF /* menu.png */ = {isa = PBXFileReference; lastKnownFileType = image.png; name = menu.png; path = ../menu.png; sourceTree = "<group>"; };
		5F7468F523C1E9720003B0DF /* power.png */ = {isa = PBXFileReference; lastKnownFileType = image.png; name = power.png; path = ../power.png; sourceTree = "<group>"; };
		5F7468F623C1E9720003B0DF /* camera.png */ = {isa = PBXFileReference; lastKnownFileType = image.png; name = camera.png; path = ../camera.png; sourceTree = "<group>"; };
		5F7468F723C1E9720003B0DF /* RFid.png */ = {isa = PBXFileReference; lastKnownFileType = image.png; name = RFid.png; path = ../RFid.png; sourceTree = "<group>"; };
		5FB8461023C09B5B00391B17 /* AppDelegate.h */ = {isa = PBXFileReference; lastKnownFileType = sourcecode.c.h; path = AppDelegate.h; sourceTree = "<group>"; };
		5FBAC13223B9F4540051F175 /* PrototypeIOS.app */ = {isa = PBXFileReference; explicitFileType = wrapper.application; includeInIndex = 0; path = PrototypeIOS.app; sourceTree = BUILT_PRODUCTS_DIR; };
		5FBAC13523B9F4540051F175 /* AppDelegate.swift */ = {isa = PBXFileReference; lastKnownFileType = sourcecode.swift; path = AppDelegate.swift; sourceTree = "<group>"; };
		5FBAC13723B9F4540051F175 /* SceneDelegate.swift */ = {isa = PBXFileReference; lastKnownFileType = sourcecode.swift; path = SceneDelegate.swift; sourceTree = "<group>"; };
		5FBAC13923B9F4540051F175 /* ContentView.swift */ = {isa = PBXFileReference; lastKnownFileType = sourcecode.swift; path = ContentView.swift; sourceTree = "<group>"; usesTabs = 1; };
		5FBAC13B23B9F4550051F175 /* Assets.xcassets */ = {isa = PBXFileReference; lastKnownFileType = folder.assetcatalog; path = Assets.xcassets; sourceTree = "<group>"; };
		5FBAC13E23B9F4550051F175 /* Preview Assets.xcassets */ = {isa = PBXFileReference; lastKnownFileType = folder.assetcatalog; path = "Preview Assets.xcassets"; sourceTree = "<group>"; };
		5FBAC14123B9F4550051F175 /* Base */ = {isa = PBXFileReference; lastKnownFileType = file.storyboard; name = Base; path = Base.lproj/LaunchScreen.storyboard; sourceTree = "<group>"; };
		5FBAC14323B9F4550051F175 /* Info.plist */ = {isa = PBXFileReference; lastKnownFileType = text.plist.xml; path = Info.plist; sourceTree = "<group>"; };
		5FEF009D23C2207600C4B868 /* CheckBox.swift */ = {isa = PBXFileReference; lastKnownFileType = sourcecode.swift; path = CheckBox.swift; sourceTree = "<group>"; };
/* End PBXFileReference section */

/* Begin PBXFrameworksBuildPhase section */
		5FBAC12F23B9F4540051F175 /* Frameworks */ = {
			isa = PBXFrameworksBuildPhase;
			buildActionMask = 2147483647;
			files = (
			);
			runOnlyForDeploymentPostprocessing = 0;
		};
/* End PBXFrameworksBuildPhase section */

/* Begin PBXGroup section */
		5F4723B023C1D23400E92508 /* Function */ = {
			isa = PBXGroup;
			children = (
				5F4723B123C1D28F00E92508 /* CsUtil.swift */,
				5FEF009D23C2207600C4B868 /* CheckBox.swift */,
				5F4AB93623C4C47F003B0111 /* CustomDialog.swift */,
			);
			path = Function;
			sourceTree = "<group>";
		};
		5F7468EE23C1E8FD0003B0DF /* icon */ = {
			isa = PBXGroup;
			children = (
				5F7468F623C1E9720003B0DF /* camera.png */,
				5F7468F223C1E9720003B0DF /* ico_check_off.png */,
				5F7468F123C1E9720003B0DF /* ico_check_on.png */,
				5F7468F323C1E9720003B0DF /* key_bord_off.png */,
				5F7468F423C1E9720003B0DF /* menu.png */,
				5F7468F523C1E9720003B0DF /* power.png */,
				5F7468F723C1E9720003B0DF /* RFid.png */,
				5F7468F023C1E9710003B0DF /* wifi.png */,
				5F7468EF23C1E94B0003B0DF /* barcord.png */,
			);
			path = icon;
			sourceTree = "<group>";
		};
		5FBAC12923B9F4540051F175 = {
			isa = PBXGroup;
			children = (
				5FBAC13423B9F4540051F175 /* PrototypeIOS */,
				5FBAC13323B9F4540051F175 /* Products */,
			);
			sourceTree = "<group>";
		};
		5FBAC13323B9F4540051F175 /* Products */ = {
			isa = PBXGroup;
			children = (
				5FBAC13223B9F4540051F175 /* PrototypeIOS.app */,
			);
			name = Products;
			sourceTree = "<group>";
		};
		5FBAC13423B9F4540051F175 /* PrototypeIOS */ = {
			isa = PBXGroup;
			children = (
				5F7468EE23C1E8FD0003B0DF /* icon */,
				5F4723B023C1D23400E92508 /* Function */,
				5FBAC13523B9F4540051F175 /* AppDelegate.swift */,
				5FB8461023C09B5B00391B17 /* AppDelegate.h */,
				5F4723B323C1D3C000E92508 /* Consts.swift */,
				5FBAC13723B9F4540051F175 /* SceneDelegate.swift */,
				5FBAC13923B9F4540051F175 /* ContentView.swift */,
				5FBAC13B23B9F4550051F175 /* Assets.xcassets */,
				5FBAC14023B9F4550051F175 /* LaunchScreen.storyboard */,
				5F4723AC23C1C6E600E92508 /* StartUp.xib */,
				5F4723AE23C1C7F400E92508 /* StartUp.swift */,
				5FBAC14323B9F4550051F175 /* Info.plist */,
				5FBAC13D23B9F4550051F175 /* Preview Content */,
			);
			path = PrototypeIOS;
			sourceTree = "<group>";
		};
		5FBAC13D23B9F4550051F175 /* Preview Content */ = {
			isa = PBXGroup;
			children = (
				5FBAC13E23B9F4550051F175 /* Preview Assets.xcassets */,
			);
			path = "Preview Content";
			sourceTree = "<group>";
		};
/* End PBXGroup section */

/* Begin PBXNativeTarget section */
		5FBAC13123B9F4540051F175 /* PrototypeIOS */ = {
			isa = PBXNativeTarget;
			buildConfigurationList = 5FBAC14623B9F4550051F175 /* Build configuration list for PBXNativeTarget "PrototypeIOS" */;
			buildPhases = (
				5FBAC12E23B9F4540051F175 /* Sources */,
				5FBAC12F23B9F4540051F175 /* Frameworks */,
				5FBAC13023B9F4540051F175 /* Resources */,
			);
			buildRules = (
			);
			dependencies = (
			);
			name = PrototypeIOS;
			productName = PrototypeIOS;
			productReference = 5FBAC13223B9F4540051F175 /* PrototypeIOS.app */;
			productType = "com.apple.product-type.application";
		};
/* End PBXNativeTarget section */

/* Begin PBXProject section */
		5FBAC12A23B9F4540051F175 /* Project object */ = {
			isa = PBXProject;
			attributes = {
				LastSwiftUpdateCheck = 1130;
				LastUpgradeCheck = 1130;
				ORGANIZATIONNAME = "桑山　博臣";
				TargetAttributes = {
					5FBAC13123B9F4540051F175 = {
						CreatedOnToolsVersion = 11.3;
					};
				};
			};
			buildConfigurationList = 5FBAC12D23B9F4540051F175 /* Build configuration list for PBXProject "PrototypeIOS" */;
			compatibilityVersion = "Xcode 9.3";
			developmentRegion = en;
			hasScannedForEncodings = 0;
			knownRegions = (
				en,
				Base,
			);
			mainGroup = 5FBAC12923B9F4540051F175;
			productRefGroup = 5FBAC13323B9F4540051F175 /* Products */;
			projectDirPath = "";
			projectRoot = "";
			targets = (
				5FBAC13123B9F4540051F175 /* PrototypeIOS */,
			);
		};
/* End PBXProject section */

/* Begin PBXResourcesBuildPhase section */
		5FBAC13023B9F4540051F175 /* Resources */ = {
			isa = PBXResourcesBuildPhase;
			buildActionMask = 2147483647;
			files = (
				5F7468FF23C1E9720003B0DF /* RFid.png in Resources */,
				5F7468FE23C1E9720003B0DF /* camera.png in Resources */,
				5FBAC14223B9F4550051F175 /* LaunchScreen.storyboard in Resources */,
				5F7468FD23C1E9720003B0DF /* power.png in Resources */,
				5F7468F823C1E9720003B0DF /* wifi.png in Resources */,
				5F7468FC23C1E9720003B0DF /* menu.png in Resources */,
				5F7468FA23C1E9720003B0DF /* ico_check_off.png in Resources */,
				5FBAC13F23B9F4550051F175 /* Preview Assets.xcassets in Resources */,
				5F7468FB23C1E9720003B0DF /* key_bord_off.png in Resources */,
				5F7468F923C1E9720003B0DF /* ico_check_on.png in Resources */,
				5FBAC13C23B9F4550051F175 /* Assets.xcassets in Resources */,
				5F4723AD23C1C6E600E92508 /* StartUp.xib in Resources */,
			);
			runOnlyForDeploymentPostprocessing = 0;
		};
/* End PBXResourcesBuildPhase section */

/* Begin PBXSourcesBuildPhase section */
		5FBAC12E23B9F4540051F175 /* Sources */ = {
			isa = PBXSourcesBuildPhase;
			buildActionMask = 2147483647;
			files = (
				5F4AB93723C4C47F003B0111 /* CustomDialog.swift in Sources */,
				5F4723B223C1D28F00E92508 /* CsUtil.swift in Sources */,
				5F4723B423C1D3C000E92508 /* Consts.swift in Sources */,
				5FBAC13623B9F4540051F175 /* AppDelegate.swift in Sources */,
				5FEF009E23C2207600C4B868 /* CheckBox.swift in Sources */,
				5FBAC13823B9F4540051F175 /* SceneDelegate.swift in Sources */,
				5FBAC13A23B9F4540051F175 /* ContentView.swift in Sources */,
				5F4723AF23C1C7F400E92508 /* StartUp.swift in Sources */,
			);
			runOnlyForDeploymentPostprocessing = 0;
		};
/* End PBXSourcesBuildPhase section */

/* Begin PBXVariantGroup section */
		5FBAC14023B9F4550051F175 /* LaunchScreen.storyboard */ = {
			isa = PBXVariantGroup;
			children = (
				5FBAC14123B9F4550051F175 /* Base */,
			);
			name = LaunchScreen.storyboard;
			sourceTree = "<group>";
		};
/* End PBXVariantGroup section */

/* Begin XCBuildConfiguration section */
		5FBAC14423B9F4550051F175 /* Debug */ = {
			isa = XCBuildConfiguration;
			buildSettings = {
				ALWAYS_SEARCH_USER_PATHS = NO;
				CLANG_ANALYZER_NONNULL = YES;
				CLANG_ANALYZER_NUMBER_OBJECT_CONVERSION = YES_AGGRESSIVE;
				CLANG_CXX_LANGUAGE_STANDARD = "gnu++14";
				CLANG_CXX_LIBRARY = "libc++";
				CLANG_ENABLE_MODULES = YES;
				CLANG_ENABLE_OBJC_ARC = YES;
				CLANG_ENABLE_OBJC_WEAK = YES;
				CLANG_WARN_BLOCK_CAPTURE_AUTORELEASING = YES;
				CLANG_WARN_BOOL_CONVERSION = YES;
				CLANG_WARN_COMMA = YES;
				CLANG_WARN_CONSTANT_CONVERSION = YES;
				CLANG_WARN_DEPRECATED_OBJC_IMPLEMENTATIONS = YES;
				CLANG_WARN_DIRECT_OBJC_ISA_USAGE = YES_ERROR;
				CLANG_WARN_DOCUMENTATION_COMMENTS = YES;
				CLANG_WARN_EMPTY_BODY = YES;
				CLANG_WARN_ENUM_CONVERSION = YES;
				CLANG_WARN_INFINITE_RECURSION = YES;
				CLANG_WARN_INT_CONVERSION = YES;
				CLANG_WARN_NON_LITERAL_NULL_CONVERSION = YES;
				CLANG_WARN_OBJC_IMPLICIT_RETAIN_SELF = YES;
				CLANG_WARN_OBJC_LITERAL_CONVERSION = YES;
				CLANG_WARN_OBJC_ROOT_CLASS = YES_ERROR;
				CLANG_WARN_RANGE_LOOP_ANALYSIS = YES;
				CLANG_WARN_STRICT_PROTOTYPES = YES;
				CLANG_WARN_SUSPICIOUS_MOVE = YES;
				CLANG_WARN_UNGUARDED_AVAILABILITY = YES_AGGRESSIVE;
				CLANG_WARN_UNREACHABLE_CODE = YES;
				CLANG_WARN__DUPLICATE_METHOD_MATCH = YES;
				COPY_PHASE_STRIP = NO;
				DEBUG_INFORMATION_FORMAT = dwarf;
				ENABLE_STRICT_OBJC_MSGSEND = YES;
				ENABLE_TESTABILITY = YES;
				GCC_C_LANGUAGE_STANDARD = gnu11;
				GCC_DYNAMIC_NO_PIC = NO;
				GCC_NO_COMMON_BLOCKS = YES;
				GCC_OPTIMIZATION_LEVEL = 0;
				GCC_PREPROCESSOR_DEFINITIONS = (
					"DEBUG=1",
					"$(inherited)",
				);
				GCC_WARN_64_TO_32_BIT_CONVERSION = YES;
				GCC_WARN_ABOUT_RETURN_TYPE = YES_ERROR;
				GCC_WARN_UNDECLARED_SELECTOR = YES;
				GCC_WARN_UNINITIALIZED_AUTOS = YES_AGGRESSIVE;
				GCC_WARN_UNUSED_FUNCTION = YES;
				GCC_WARN_UNUSED_VARIABLE = YES;
				IPHONEOS_DEPLOYMENT_TARGET = 12.4;
				MTL_ENABLE_DEBUG_INFO = INCLUDE_SOURCE;
				MTL_FAST_MATH = YES;
				ONLY_ACTIVE_ARCH = YES;
				SDKROOT = iphoneos;
				SWIFT_ACTIVE_COMPILATION_CONDITIONS = DEBUG;
				SWIFT_OPTIMIZATION_LEVEL = "-Onone";
			};
			name = Debug;
		};
		5FBAC14523B9F4550051F175 /* Release */ = {
			isa = XCBuildConfiguration;
			buildSettings = {
				ALWAYS_SEARCH_USER_PATHS = NO;
				CLANG_ANALYZER_NONNULL = YES;
				CLANG_ANALYZER_NUMBER_OBJECT_CONVERSION = YES_AGGRESSIVE;
				CLANG_CXX_LANGUAGE_STANDARD = "gnu++14";
				CLANG_CXX_LIBRARY = "libc++";
				CLANG_ENABLE_MODULES = YES;
				CLANG_ENABLE_OBJC_ARC = YES;
				CLANG_ENABLE_OBJC_WEAK = YES;
				CLANG_WARN_BLOCK_CAPTURE_AUTORELEASING = YES;
				CLANG_WARN_BOOL_CONVERSION = YES;
				CLANG_WARN_COMMA = YES;
				CLANG_WARN_CONSTANT_CONVERSION = YES;
				CLANG_WARN_DEPRECATED_OBJC_IMPLEMENTATIONS = YES;
				CLANG_WARN_DIRECT_OBJC_ISA_USAGE = YES_ERROR;
				CLANG_WARN_DOCUMENTATION_COMMENTS = YES;
				CLANG_WARN_EMPTY_BODY = YES;
				CLANG_WARN_ENUM_CONVERSION = YES;
				CLANG_WARN_INFINITE_RECURSION = YES;
				CLANG_WARN_INT_CONVERSION = YES;
				CLANG_WARN_NON_LITERAL_NULL_CONVERSION = YES;
				CLANG_WARN_OBJC_IMPLICIT_RETAIN_SELF = YES;
				CLANG_WARN_OBJC_LITERAL_CONVERSION = YES;
				CLANG_WARN_OBJC_ROOT_CLASS = YES_ERROR;
				CLANG_WARN_RANGE_LOOP_ANALYSIS = YES;
				CLANG_WARN_STRICT_PROTOTYPES = YES;
				CLANG_WARN_SUSPICIOUS_MOVE = YES;
				CLANG_WARN_UNGUARDED_AVAILABILITY = YES_AGGRESSIVE;
				CLANG_WARN_UNREACHABLE_CODE = YES;
				CLANG_WARN__DUPLICATE_METHOD_MATCH = YES;
				COPY_PHASE_STRIP = NO;
				DEBUG_INFORMATION_FORMAT = "dwarf-with-dsym";
				ENABLE_NS_ASSERTIONS = NO;
				ENABLE_STRICT_OBJC_MSGSEND = YES;
				GCC_C_LANGUAGE_STANDARD = gnu11;
				GCC_NO_COMMON_BLOCKS = YES;
				GCC_WARN_64_TO_32_BIT_CONVERSION = YES;
				GCC_WARN_ABOUT_RETURN_TYPE = YES_ERROR;
				GCC_WARN_UNDECLARED_SELECTOR = YES;
				GCC_WARN_UNINITIALIZED_AUTOS = YES_AGGRESSIVE;
				GCC_WARN_UNUSED_FUNCTION = YES;
				GCC_WARN_UNUSED_VARIABLE = YES;
				IPHONEOS_DEPLOYMENT_TARGET = 12.4;
				MTL_ENABLE_DEBUG_INFO = NO;
				MTL_FAST_MATH = YES;
				SDKROOT = iphoneos;
				SWIFT_COMPILATION_MODE = wholemodule;
				SWIFT_OPTIMIZATION_LEVEL = "-O";
				VALIDATE_PRODUCT = YES;
			};
			name = Release;
		};
		5FBAC14723B9F4550051F175 /* Debug */ = {
			isa = XCBuildConfiguration;
			buildSettings = {
				ASSETCATALOG_COMPILER_APPICON_NAME = AppIcon;
				CODE_SIGN_IDENTITY = "Apple Development";
				CODE_SIGN_STYLE = Automatic;
				DEVELOPMENT_ASSET_PATHS = "\"PrototypeIOS/Preview Content\"";
				DEVELOPMENT_TEAM = C64XM8633M;
				ENABLE_PREVIEWS = YES;
				INFOPLIST_FILE = PrototypeIOS/Info.plist;
				IPHONEOS_DEPLOYMENT_TARGET = 12.4;
				LD_RUNPATH_SEARCH_PATHS = (
					"$(inherited)",
					"@executable_path/Frameworks",
				);
				PRODUCT_BUNDLE_IDENTIFIER = coresoft.PrototypeIOS;
				PRODUCT_NAME = "$(TARGET_NAME)";
				PROVISIONING_PROFILE_SPECIFIER = "";
				SWIFT_VERSION = 5.0;
				TARGETED_DEVICE_FAMILY = 1;
			};
			name = Debug;
		};
		5FBAC14823B9F4550051F175 /* Release */ = {
			isa = XCBuildConfiguration;
			buildSettings = {
				ASSETCATALOG_COMPILER_APPICON_NAME = AppIcon;
				CODE_SIGN_IDENTITY = "Apple Development";
				CODE_SIGN_STYLE = Automatic;
				DEVELOPMENT_ASSET_PATHS = "\"PrototypeIOS/Preview Content\"";
				DEVELOPMENT_TEAM = C64XM8633M;
				ENABLE_PREVIEWS = YES;
				INFOPLIST_FILE = PrototypeIOS/Info.plist;
				IPHONEOS_DEPLOYMENT_TARGET = 12.4;
				LD_RUNPATH_SEARCH_PATHS = (
					"$(inherited)",
					"@executable_path/Frameworks",
				);
				PRODUCT_BUNDLE_IDENTIFIER = coresoft.PrototypeIOS;
				PRODUCT_NAME = "$(TARGET_NAME)";
				PROVISIONING_PROFILE_SPECIFIER = "";
				SWIFT_VERSION = 5.0;
				TARGETED_DEVICE_FAMILY = 1;
			};
			name = Release;
		};
/* End XCBuildConfiguration section */

/* Begin XCConfigurationList section */
		5FBAC12D23B9F4540051F175 /* Build configuration list for PBXProject "PrototypeIOS" */ = {
			isa = XCConfigurationList;
			buildConfigurations = (
				5FBAC14423B9F4550051F175 /* Debug */,
				5FBAC14523B9F4550051F175 /* Release */,
			);
			defaultConfigurationIsVisible = 0;
			defaultConfigurationName = Release;
		};
		5FBAC14623B9F4550051F175 /* Build configuration list for PBXNativeTarget "PrototypeIOS" */ = {
			isa = XCConfigurationList;
			buildConfigurations = (
				5FBAC14723B9F4550051F175 /* Debug */,
				5FBAC14823B9F4550051F175 /* Release */,
			);
			defaultConfigurationIsVisible = 0;
			defaultConfigurationName = Release;
		};
/* End XCConfigurationList section */
	};
	rootObject = 5FBAC12A23B9F4540051F175 /* Project object */;
}
